
Microsoft Visual Studio Solution File, Format Version 12.00
# Visual Studio 14
VisualStudioVersion = 14.0.25420.1
MinimumVisualStudioVersion = 10.0.40219.1
Project("{FAE04EC0-301F-11D3-BF4B-00C04F79EFBC}") = "AGLDeveloperCodeTest", "AGLDeveloperCodeTest\AGLDeveloperCodeTest.csproj", "{0DF60512-CD29-41BC-9EED-3D6D61DA8144}"
EndProject
Project("{FAE04EC0-301F-11D3-BF4B-00C04F79EFBC}") = "AGLDeveloperCodeTest.Tests", "AGLDeveloperCodeTest.Tests\AGLDeveloperCodeTest.Tests.csproj", "{CA6A1CA1-D6F4-4D72-BA9E-8EF24795C00B}"
EndProject
Global
	GlobalSection(SolutionConfigurationPlatforms) = preSolution
		Debug|Any CPU = Debug|Any CPU
		Release|Any CPU = Release|Any CPU
	EndGlobalSection
	GlobalSection(ProjectConfigurationPlatforms) = postSolution
		{0DF60512-CD29-41BC-9EED-3D6D61DA8144}.Debug|Any CPU.ActiveCfg = Debug|Any CPU
		{0DF60512-CD29-41BC-9EED-3D6D61DA8144}.Debug|Any CPU.Build.0 = Debug|Any CPU
		{0DF60512-CD29-41BC-9EED-3D6D61DA8144}.Release|Any CPU.ActiveCfg = Release|Any CPU
		{0DF60512-CD29-41BC-9EED-3D6D61DA8144}.Release|Any CPU.Build.0 = Release|Any CPU
		{CA6A1CA1-D6F4-4D72-BA9E-8EF24795C00B}.Debug|Any CPU.ActiveCfg = Debug|Any CPU
		{CA6A1CA1-D6F4-4D72-BA9E-8EF24795C00B}.Debug|Any CPU.Build.0 = Debug|Any CPU
		{CA6A1CA1-D6F4-4D72-BA9E-8EF24795C00B}.Release|Any CPU.ActiveCfg = Release|Any CPU
		{CA6A1CA1-D6F4-4D72-BA9E-8EF24795C00B}.Release|Any CPU.Build.0 = Release|Any CPU
	EndGlobalSection
	GlobalSection(SolutionProperties) = preSolution
		HideSolutionNode = FALSE
	EndGlobalSection
EndGlobal
